
Microsoft Visual Studio Solution File, Format Version 12.00
# Visual Studio 15
Project("{FAE04EC0-301F-11D3-BF4B-00C04F79EFBC}") = "Scripts", "Scripts.csproj", "{7D39614B-C65C-A993-D092-5FFC9B847A31}"
EndProject
Project("{FAE04EC0-301F-11D3-BF4B-00C04F79EFBC}") = "EditMode", "EditMode.csproj", "{BD551CB0-7BB3-0E9B-0F86-5AB5F65BEE3C}"
EndProject
Global
	GlobalSection(SolutionConfigurationPlatforms) = preSolution
		Debug|Any CPU = Debug|Any CPU
		Release|Any CPU = Release|Any CPU
	EndGlobalSection
	GlobalSection(ProjectConfigurationPlatforms) = postSolution
		{7D39614B-C65C-A993-D092-5FFC9B847A31}.Debug|Any CPU.ActiveCfg = Debug|Any CPU
		{7D39614B-C65C-A993-D092-5FFC9B847A31}.Debug|Any CPU.Build.0 = Debug|Any CPU
		{7D39614B-C65C-A993-D092-5FFC9B847A31}.Release|Any CPU.ActiveCfg = Release|Any CPU
		{7D39614B-C65C-A993-D092-5FFC9B847A31}.Release|Any CPU.Build.0 = Release|Any CPU
		{BD551CB0-7BB3-0E9B-0F86-5AB5F65BEE3C}.Debug|Any CPU.ActiveCfg = Debug|Any CPU
		{BD551CB0-7BB3-0E9B-0F86-5AB5F65BEE3C}.Debug|Any CPU.Build.0 = Debug|Any CPU
		{BD551CB0-7BB3-0E9B-0F86-5AB5F65BEE3C}.Release|Any CPU.ActiveCfg = Release|Any CPU
		{BD551CB0-7BB3-0E9B-0F86-5AB5F65BEE3C}.Release|Any CPU.Build.0 = Release|Any CPU
	EndGlobalSection
	GlobalSection(SolutionProperties) = preSolution
		HideSolutionNode = FALSE
	EndGlobalSection
EndGlobal
